Microsoft Visual Studio Solution File, Format Version 12.00
# Visual Studio Version 17
VisualStudioVersion = 17.5.2.0
MinimumVisualStudioVersion = 10.0.40219.1
Project("{2150E333-8FDC-42A3-9474-1A3956D46DE8}") = "CheckoutEcommerceAppReto", "CheckoutEcommerceAppReto", "{02FA992C-1F9A-2760-A061-C164B0EB6B4B}"
EndProject
Project("{FAE04EC0-301F-11D3-BF4B-00C04F79EFBC}") = "Refactoring", "CheckoutEcommerceAppReto\Refactoring\Refactoring.csproj", "{FBCDE23E-8244-FDE8-0673-F9E39BF23C77}"
EndProject
Global
	GlobalSection(SolutionConfigurationPlatforms) = preSolution
		Debug|Any CPU = Debug|Any CPU
		Release|Any CPU = Release|Any CPU
	EndGlobalSection
	GlobalSection(ProjectConfigurationPlatforms) = postSolution
		{FBCDE23E-8244-FDE8-0673-F9E39BF23C77}.Debug|Any CPU.ActiveCfg = Debug|Any CPU
		{FBCDE23E-8244-FDE8-0673-F9E39BF23C77}.Debug|Any CPU.Build.0 = Debug|Any CPU
		{FBCDE23E-8244-FDE8-0673-F9E39BF23C77}.Release|Any CPU.ActiveCfg = Release|Any CPU
		{FBCDE23E-8244-FDE8-0673-F9E39BF23C77}.Release|Any CPU.Build.0 = Release|Any CPU
	EndGlobalSection
	GlobalSection(SolutionProperties) = preSolution
		HideSolutionNode = FALSE
	EndGlobalSection
	GlobalSection(NestedProjects) = preSolution
		{FBCDE23E-8244-FDE8-0673-F9E39BF23C77} = {02FA992C-1F9A-2760-A061-C164B0EB6B4B}
	EndGlobalSection
	GlobalSection(ExtensibilityGlobals) = postSolution
		SolutionGuid = {43257C63-5C35-4389-8F3F-A5F6413AE0DC}
	EndGlobalSection
EndGlobal
